{
  "name": "write",
  "version": "1.0.0",
  "lockfileVersion": 2,
  "requires": true,
  "packages": {
    "": {
      "name": "write",
      "version": "1.0.0",
      "license": "MIT-0",
      "dependencies": {
        "aws-xray-sdk": "^3.3.4",
        "snappy": "^7.0.5"
      }
    },
    "node_modules/@aws-sdk/service-error-classification": {
      "version": "3.40.0",
      "resolved": "https://registry.npmjs.org/@aws-sdk/service-error-classification/-/service-error-classification-3.40.0.tgz",
      "integrity": "sha512-c8btKmkvjXczWudXubGdbO3JgmjySBUVC/gCrZDNfwNGsG8RYJJQYYcnmt1gWjelUZsgMDl/2PIzxTlxVF91rA==",
      "engines": {
        "node": ">= 10.0.0"
      }
    },
    "node_modules/@aws-sdk/types": {
      "version": "3.40.0",
      "resolved": "https://registry.npmjs.org/@aws-sdk/types/-/types-3.40.0.tgz",
      "integrity": "sha512-KpILcfvRaL88TLvo3SY4OuCCg90SvcNLPyjDwUuBqiOyWODjrKShHtAPJzej4CLp92lofh+ul0UnBfV9Jb/5PA==",
      "engines": {
        "node": ">= 10.0.0"
      }
    },
    "node_modules/@napi-rs/snappy-android-arm64": {
      "version": "7.0.5",
      "resolved": "https://registry.npmjs.org/@napi-rs/snappy-android-arm64/-/snappy-android-arm64-7.0.5.tgz",
      "integrity": "sha512-11/V8Wg8FwWLI5BF0kzMQ63GTaCuVRMlMbaIBjRyknHE5YILVK1BHvJjunAkPugg86x3MFs1zqrmrLIaH+07pg==",
      "cpu": [
        "arm64"
      ],
      "optional": true,
      "os": [
        "android"
      ],
      "engines": {
        "node": ">= 10"
      }
    },
    "node_modules/@napi-rs/snappy-darwin-arm64": {
      "version": "7.0.5",
      "resolved": "https://registry.npmjs.org/@napi-rs/snappy-darwin-arm64/-/snappy-darwin-arm64-7.0.5.tgz",
      "integrity": "sha512-R4LJQAg/75FJU1+F3q2RZZT2i4TPtIVpTDReDsLyJGN6/K/SSCk/4gJSLZoxQ0hHMLQLacRQmMPuVqHbOfwSFw==",
      "cpu": [
        "arm64"
      ],
      "optional": true,
      "os": [
        "darwin"
      ],
      "engines": {
        "node": ">= 10"
      }
    },
    "node_modules/@napi-rs/snappy-darwin-x64": {
      "version": "7.0.5",
      "resolved": "https://registry.npmjs.org/@napi-rs/snappy-darwin-x64/-/snappy-darwin-x64-7.0.5.tgz",
      "integrity": "sha512-aYiz/jtVxo+cpuu6p2/lzrvr2DlUd58auVDHQqIvYXnlmitXMTXqmURuCj6l4OfFxDA8YgzZ6Ftt6BSXdqKOYw==",
      "cpu": [
        "x64"
      ],
      "optional": true,
      "os": [
        "darwin"
      ],
      "engines": {
        "node": ">= 10"
      }
    },
    "node_modules/@napi-rs/snappy-freebsd-x64": {
      "version": "7.0.5",
      "resolved": "https://registry.npmjs.org/@napi-rs/snappy-freebsd-x64/-/snappy-freebsd-x64-7.0.5.tgz",
      "integrity": "sha512-q0hIT7UNVvClAp056ObmsuXj34KRNJcYJ7WRBER/kttCembNM+gJnJRIUcA6QxVZd/MOjpyHBGKdJLaU36ISoA==",
      "cpu": [
        "x64"
      ],
      "optional": true,
      "os": [
        "freebsd"
      ],
      "engines": {
        "node": ">= 10"
      }
    },
    "node_modules/@napi-rs/snappy-linux-arm-gnueabihf": {
      "version": "7.0.5",
      "resolved": "https://registry.npmjs.org/@napi-rs/snappy-linux-arm-gnueabihf/-/snappy-linux-arm-gnueabihf-7.0.5.tgz",
      "integrity": "sha512-VBK+WyTLYqAVy1QqG1wLnbe6vjacmak1tOsTMlKMN71mZF0WmOdZ/OxTExdTz8WmQMgTpYwX4d9g+ElomaOOLg==",
      "cpu": [
        "arm"
      ],
      "optional": true,
      "os": [
        "linux"
      ],
      "engines": {
        "node": ">= 10"
      }
    },
    "node_modules/@napi-rs/snappy-linux-arm64-gnu": {
      "version": "7.0.5",
      "resolved": "https://registry.npmjs.org/@napi-rs/snappy-linux-arm64-gnu/-/snappy-linux-arm64-gnu-7.0.5.tgz",
      "integrity": "sha512-+E7wwIuaVV85svBFTwN14Plw+lsTRgbWHfsrLzbMoRv3czj4MTOrISD0TajMALRCiDGWe6RSxLftysR4HYZEbA==",
      "cpu": [
        "arm64"
      ],
      "optional": true,
      "os": [
        "linux"
      ],
      "engines": {
        "node": ">= 10"
      }
    },
    "node_modules/@napi-rs/snappy-linux-arm64-musl": {
      "version": "7.0.5",
      "resolved": "https://registry.npmjs.org/@napi-rs/snappy-linux-arm64-musl/-/snappy-linux-arm64-musl-7.0.5.tgz",
      "integrity": "sha512-QeLjvagI+6ywEHNmRiP3Qz2j+RRupCWHA8cmmaEh1pHnlV/NxetAE1agRdWje7yO+iXQiUVbZ8SKibOZ4kRn3g==",
      "cpu": [
        "arm64"
      ],
      "optional": true,
      "os": [
        "linux"
      ],
      "engines": {
        "node": ">= 10"
      }
    },
    "node_modules/@napi-rs/snappy-linux-x64-gnu": {
      "version": "7.0.5",
      "resolved": "https://registry.npmjs.org/@napi-rs/snappy-linux-x64-gnu/-/snappy-linux-x64-gnu-7.0.5.tgz",
      "integrity": "sha512-G1Mq5JOfWG+oWOZScW8R0HtdZ/Hcq3Lm+qOYEbCqKGYV7mTdclvWY4vzOIl5lGWp3Dmo9/rn7pK/Kp4ormw0FA==",
      "cpu": [
        "x64"
      ],
      "optional": true,
      "os": [
        "linux"
      ],
      "engines": {
        "node": ">= 10"
      }
    },
    "node_modules/@napi-rs/snappy-linux-x64-musl": {
      "version": "7.0.5",
      "resolved": "https://registry.npmjs.org/@napi-rs/snappy-linux-x64-musl/-/snappy-linux-x64-musl-7.0.5.tgz",
      "integrity": "sha512-THcusrpjr5MB2PXKdFKiD/ZA811Wn7eJksuQbVRUr/ZjbOOxpni/VLHq4uh42IWqofbszHDVUYZeLEgCbcNItg==",
      "cpu": [
        "x64"
      ],
      "optional": true,
      "os": [
        "linux"
      ],
      "engines": {
        "node": ">= 10"
      }
    },
    "node_modules/@napi-rs/snappy-win32-arm64-msvc": {
      "version": "7.0.5",
      "resolved": "https://registry.npmjs.org/@napi-rs/snappy-win32-arm64-msvc/-/snappy-win32-arm64-msvc-7.0.5.tgz",
      "integrity": "sha512-5tm8t7E+GhqDf+6vsnsKdZb6twspab5SH1SzVzZtFRltB55FtwAcXSWi9+kS+Md+Jjl4Va4TfrhQ3B46yFgSfQ==",
      "cpu": [
        "arm64"
      ],
      "optional": true,
      "os": [
        "win32"
      ],
      "engines": {
        "node": ">= 10"
      }
    },
    "node_modules/@napi-rs/snappy-win32-ia32-msvc": {
      "version": "7.0.5",
      "resolved": "https://registry.npmjs.org/@napi-rs/snappy-win32-ia32-msvc/-/snappy-win32-ia32-msvc-7.0.5.tgz",
      "integrity": "sha512-s0H7fD1fDrKPoS81MNXSrs7lvrq71E7gi3OuWiIj23XNUxsMI5p0P8OaRuu95Bns8WLYw5ouSKUtwIgxZAD4+g==",
      "cpu": [
        "ia32"
      ],
      "optional": true,
      "os": [
        "win32"
      ],
      "engines": {
        "node": ">= 10"
      }
    },
    "node_modules/@napi-rs/snappy-win32-x64-msvc": {
      "version": "7.0.5",
      "resolved": "https://registry.npmjs.org/@napi-rs/snappy-win32-x64-msvc/-/snappy-win32-x64-msvc-7.0.5.tgz",
      "integrity": "sha512-rRjNz3OXu6093V4B0IGAd7ANKYGZ5HfG057xew1/NDZl3DTMcWF/Wd2OtMl16Lju2D17CVLxq3NkjTqKZ/XGvw==",
      "cpu": [
        "x64"
      ],
      "optional": true,
      "os": [
        "win32"
      ],
      "engines": {
        "node": ">= 10"
      }
    },
    "node_modules/@napi-rs/triples": {
      "version": "1.0.3",
      "resolved": "https://registry.npmjs.org/@napi-rs/triples/-/triples-1.0.3.tgz",
      "integrity": "sha512-jDJTpta+P4p1NZTFVLHJ/TLFVYVcOqv6l8xwOeBKNPMgY/zDYH/YH7SJbvrr/h1RcS9GzbPcLKGzpuK9cV56UA=="
    },
    "node_modules/@node-rs/helper": {
      "version": "1.2.1",
      "resolved": "https://registry.npmjs.org/@node-rs/helper/-/helper-1.2.1.tgz",
      "integrity": "sha512-R5wEmm8nbuQU0YGGmYVjEc0OHtYsuXdpRG+Ut/3wZ9XAvQWyThN08bTh2cBJgoZxHQUPtvRfeQuxcAgLuiBISg==",
      "dependencies": {
        "@napi-rs/triples": "^1.0.3"
      }
    },
    "node_modules/@types/body-parser": {
      "version": "1.19.2",
      "resolved": "https://registry.npmjs.org/@types/body-parser/-/body-parser-1.19.2.tgz",
      "integrity": "sha512-ALYone6pm6QmwZoAgeyNksccT9Q4AWZQ6PvfwR37GT6r6FWUPguq6sUmNGSMV2Wr761oQoBxwGGa6DR5o1DC9g==",
      "dependencies": {
        "@types/connect": "*",
        "@types/node": "*"
      }
    },
    "node_modules/@types/cls-hooked": {
      "version": "4.3.3",
      "resolved": "https://registry.npmjs.org/@types/cls-hooked/-/cls-hooked-4.3.3.tgz",
      "integrity": "sha512-gNstDTb/ty5h6gJd6YpSPgsLX9LmRpaKJqGFp7MRlYxhwp4vXXKlJ9+bt1TZ9KbVNXE+Mbxy2AYXcpY21DDtJw==",
      "dependencies": {
        "@types/node": "*"
      }
    },
    "node_modules/@types/connect": {
      "version": "3.4.35",
      "resolved": "https://registry.npmjs.org/@types/connect/-/connect-3.4.35.tgz",
      "integrity": "sha512-cdeYyv4KWoEgpBISTxWvqYsVy444DOqehiF3fM3ne10AmJ62RSyNkUnxMJXHQWRQQX2eR94m5y1IZyDwBjV9FQ==",
      "dependencies": {
        "@types/node": "*"
      }
    },
    "node_modules/@types/express": {
      "version": "4.17.13",
      "resolved": "https://registry.npmjs.org/@types/express/-/express-4.17.13.tgz",
      "integrity": "sha512-6bSZTPaTIACxn48l50SR+axgrqm6qXFIxrdAKaG6PaJk3+zuUr35hBlgT7vOmJcum+OEaIBLtHV/qloEAFITeA==",
      "dependencies": {
        "@types/body-parser": "*",
        "@types/express-serve-static-core": "^4.17.18",
        "@types/qs": "*",
        "@types/serve-static": "*"
      }
    },
    "node_modules/@types/express-serve-static-core": {
      "version": "4.17.25",
      "resolved": "https://registry.npmjs.org/@types/express-serve-static-core/-/express-serve-static-core-4.17.25.tgz",
      "integrity": "sha512-OUJIVfRMFijZukGGwTpKNFprqCCXk5WjNGvUgB/CxxBR40QWSjsNK86+yvGKlCOGc7sbwfHLaXhkG+NsytwBaQ==",
      "dependencies": {
        "@types/node": "*",
        "@types/qs": "*",
        "@types/range-parser": "*"
      }
    },
    "node_modules/@types/mime": {
      "version": "1.3.2",
      "resolved": "https://registry.npmjs.org/@types/mime/-/mime-1.3.2.tgz",
      "integrity": "sha512-YATxVxgRqNH6nHEIsvg6k2Boc1JHI9ZbH5iWFFv/MTkchz3b1ieGDa5T0a9RznNdI0KhVbdbWSN+KWWrQZRxTw=="
    },
    "node_modules/@types/mysql": {
      "version": "2.15.19",
      "resolved": "https://registry.npmjs.org/@types/mysql/-/mysql-2.15.19.tgz",
      "integrity": "sha512-wSRg2QZv14CWcZXkgdvHbbV2ACufNy5EgI8mBBxnJIptchv7DBy/h53VMa2jDhyo0C9MO4iowE6z9vF8Ja1DkQ==",
      "dependencies": {
        "@types/node": "*"
      }
    },
    "node_modules/@types/node": {
      "version": "16.11.10",
      "resolved": "https://registry.npmjs.org/@types/node/-/node-16.11.10.tgz",
      "integrity": "sha512-3aRnHa1KlOEEhJ6+CvyHKK5vE9BcLGjtUpwvqYLRvYNQKMfabu3BwfJaA/SLW8dxe28LsNDjtHwePTuzn3gmOA=="
    },
    "node_modules/@types/pg": {
      "version": "8.6.1",
      "resolved": "https://registry.npmjs.org/@types/pg/-/pg-8.6.1.tgz",
      "integrity": "sha512-1Kc4oAGzAl7uqUStZCDvaLFqZrW9qWSjXOmBfdgyBP5La7Us6Mg4GBvRlSoaZMhQF/zSj1C8CtKMBkoiT8eL8w==",
      "dependencies": {
        "@types/node": "*",
        "pg-protocol": "*",
        "pg-types": "^2.2.0"
      }
    },
    "node_modules/@types/qs": {
      "version": "6.9.7",
      "resolved": "https://registry.npmjs.org/@types/qs/-/qs-6.9.7.tgz",
      "integrity": "sha512-FGa1F62FT09qcrueBA6qYTrJPVDzah9a+493+o2PCXsesWHIn27G98TsSMs3WPNbZIEj4+VJf6saSFpvD+3Zsw=="
    },
    "node_modules/@types/range-parser": {
      "version": "1.2.4",
      "resolved": "https://registry.npmjs.org/@types/range-parser/-/range-parser-1.2.4.tgz",
      "integrity": "sha512-EEhsLsD6UsDM1yFhAvy0Cjr6VwmpMWqFBCb9w07wVugF7w9nfajxLuVmngTIpgS6svCnm6Vaw+MZhoDCKnOfsw=="
    },
    "node_modules/@types/serve-static": {
      "version": "1.13.10",
      "resolved": "https://registry.npmjs.org/@types/serve-static/-/serve-static-1.13.10.tgz",
      "integrity": "sha512-nCkHGI4w7ZgAdNkrEu0bv+4xNV/XDqW+DydknebMOQwkpDGx8G+HTlj7R7ABI8i8nKxVw0wtKPi1D+lPOkh4YQ==",
      "dependencies": {
        "@types/mime": "^1",
        "@types/node": "*"
      }
    },
    "node_modules/async-hook-jl": {
      "version": "1.7.6",
      "resolved": "https://registry.npmjs.org/async-hook-jl/-/async-hook-jl-1.7.6.tgz",
      "integrity": "sha512-gFaHkFfSxTjvoxDMYqDuGHlcRyUuamF8s+ZTtJdDzqjws4mCt7v0vuV79/E2Wr2/riMQgtG4/yUtXWs1gZ7JMg==",
      "dependencies": {
        "stack-chain": "^1.3.7"
      },
      "engines": {
        "node": "^4.7 || >=6.9 || >=7.3"
      }
    },
    "node_modules/atomic-batcher": {
      "version": "1.0.2",
      "resolved": "https://registry.npmjs.org/atomic-batcher/-/atomic-batcher-1.0.2.tgz",
      "integrity": "sha1-0WkB0QzOxZUWwZe5zNiTBom4E7Q="
    },
    "node_modules/aws-xray-sdk": {
      "version": "3.3.4",
      "resolved": "https://registry.npmjs.org/aws-xray-sdk/-/aws-xray-sdk-3.3.4.tgz",
      "integrity": "sha512-687fHnqLiHkzqvwot4mFnhKUiBSOimOoLEoZ/NCRBwrLN1lhtd6TD5QEr7o7GmMfOcwfcuEJGqZE1X3cLkDovA==",
      "dependencies": {
        "aws-xray-sdk-core": "3.3.4",
        "aws-xray-sdk-express": "3.3.4",
        "aws-xray-sdk-mysql": "3.3.4",
        "aws-xray-sdk-postgres": "3.3.4"
      },
      "engines": {
        "node": ">= 10.x"
      }
    },
    "node_modules/aws-xray-sdk-core": {
      "version": "3.3.4",
      "resolved": "https://registry.npmjs.org/aws-xray-sdk-core/-/aws-xray-sdk-core-3.3.4.tgz",
      "integrity": "sha512-GGnYAQgtclLHIBReOtsUgbDDCar0LR2TaHCWlQhPrEVVayrSAZQ4y+SlXN5YIadxMec4/f5dbF69wMbug9D5Ww==",
      "dependencies": {
        "@aws-sdk/service-error-classification": "^3.4.1",
        "@aws-sdk/types": "^3.4.1",
        "@types/cls-hooked": "^4.3.3",
        "atomic-batcher": "^1.0.2",
        "cls-hooked": "^4.2.2",
        "semver": "^5.3.0"
      },
      "engines": {
        "node": ">= 10.x"
      }
    },
    "node_modules/aws-xray-sdk-express": {
      "version": "3.3.4",
      "resolved": "https://registry.npmjs.org/aws-xray-sdk-express/-/aws-xray-sdk-express-3.3.4.tgz",
      "integrity": "sha512-KHglcAVBW4AygcBui9MSP0XS9+LC9vIpNWcfbDvVwJOB7BjQo3Uvkl+RlvDj/R4jrN/hWXfK40xp6R9GH5B1gQ==",
      "dependencies": {
        "@types/express": "*"
      },
      "engines": {
        "node": ">= 10.x"
      },
      "peerDependencies": {
        "aws-xray-sdk-core": "^3.3.4"
      }
    },
    "node_modules/aws-xray-sdk-mysql": {
      "version": "3.3.4",
      "resolved": "https://registry.npmjs.org/aws-xray-sdk-mysql/-/aws-xray-sdk-mysql-3.3.4.tgz",
      "integrity": "sha512-RLrXLHecQdtun+Oe006f4Dg9/gyg6f8xcP6iBJMfwKI/06QCMUR6hErLPwOLsgpic4rm6AVEsTd5XQg/xdkwsQ==",
      "dependencies": {
        "@types/mysql": "*"
      },
      "engines": {
        "node": ">= 10.x"
      },
      "peerDependencies": {
        "aws-xray-sdk-core": "^3.3.4"
      }
    },
    "node_modules/aws-xray-sdk-postgres": {
      "version": "3.3.4",
      "resolved": "https://registry.npmjs.org/aws-xray-sdk-postgres/-/aws-xray-sdk-postgres-3.3.4.tgz",
      "integrity": "sha512-A4TDWHQEU1hZdChP0BrXx2oiDaatULgMTaKNpZLtpuGmnkQ2oVx11hsCbjVgZsQxJvL2x8weFIGJyhKoQQ84vw==",
      "dependencies": {
        "@types/pg": "*"
      },
      "engines": {
        "node": ">= 10.x"
      },
      "peerDependencies": {
        "aws-xray-sdk-core": "^3.3.4"
      }
    },
    "node_modules/cls-hooked": {
      "version": "4.2.2",
      "resolved": "https://registry.npmjs.org/cls-hooked/-/cls-hooked-4.2.2.tgz",
      "integrity": "sha512-J4Xj5f5wq/4jAvcdgoGsL3G103BtWpZrMo8NEinRltN+xpTZdI+M38pyQqhuFU/P792xkMFvnKSf+Lm81U1bxw==",
      "dependencies": {
        "async-hook-jl": "^1.7.6",
        "emitter-listener": "^1.0.1",
        "semver": "^5.4.1"
      },
      "engines": {
        "node": "^4.7 || >=6.9 || >=7.3 || >=8.2.1"
      }
    },
    "node_modules/emitter-listener": {
      "version": "1.1.2",
      "resolved": "https://registry.npmjs.org/emitter-listener/-/emitter-listener-1.1.2.tgz",
      "integrity": "sha512-Bt1sBAGFHY9DKY+4/2cV6izcKJUf5T7/gkdmkxzX/qv9CcGH8xSwVRW5mtX03SWJtRTWSOpzCuWN9rBFYZepZQ==",
      "dependencies": {
        "shimmer": "^1.2.0"
      }
    },
    "node_modules/pg-int8": {
      "version": "1.0.1",
      "resolved": "https://registry.npmjs.org/pg-int8/-/pg-int8-1.0.1.tgz",
      "integrity": "sha512-WCtabS6t3c8SkpDBUlb1kjOs7l66xsGdKpIPZsg4wR+B3+u9UAum2odSsF9tnvxg80h4ZxLWMy4pRjOsFIqQpw==",
      "engines": {
        "node": ">=4.0.0"
      }
    },
    "node_modules/pg-protocol": {
      "version": "1.5.0",
      "resolved": "https://registry.npmjs.org/pg-protocol/-/pg-protocol-1.5.0.tgz",
      "integrity": "sha512-muRttij7H8TqRNu/DxrAJQITO4Ac7RmX3Klyr/9mJEOBeIpgnF8f9jAfRz5d3XwQZl5qBjF9gLsUtMPJE0vezQ=="
    },
    "node_modules/pg-types": {
      "version": "2.2.0",
      "resolved": "https://registry.npmjs.org/pg-types/-/pg-types-2.2.0.tgz",
      "integrity": "sha512-qTAAlrEsl8s4OiEQY69wDvcMIdQN6wdz5ojQiOy6YRMuynxenON0O5oCpJI6lshc6scgAY8qvJ2On/p+CXY0GA==",
      "dependencies": {
        "pg-int8": "1.0.1",
        "postgres-array": "~2.0.0",
        "postgres-bytea": "~1.0.0",
        "postgres-date": "~1.0.4",
        "postgres-interval": "^1.1.0"
      },
      "engines": {
        "node": ">=4"
      }
    },
    "node_modules/postgres-array": {
      "version": "2.0.0",
      "resolved": "https://registry.npmjs.org/postgres-array/-/postgres-array-2.0.0.tgz",
      "integrity": "sha512-VpZrUqU5A69eQyW2c5CA1jtLecCsN2U/bD6VilrFDWq5+5UIEVO7nazS3TEcHf1zuPYO/sqGvUvW62g86RXZuA==",
      "engines": {
        "node": ">=4"
      }
    },
    "node_modules/postgres-bytea": {
      "version": "1.0.0",
      "resolved": "https://registry.npmjs.org/postgres-bytea/-/postgres-bytea-1.0.0.tgz",
      "integrity": "sha1-AntTPAqokOJtFy1Hz5zOzFIazTU=",
      "engines": {
        "node": ">=0.10.0"
      }
    },
    "node_modules/postgres-date": {
      "version": "1.0.7",
      "resolved": "https://registry.npmjs.org/postgres-date/-/postgres-date-1.0.7.tgz",
      "integrity": "sha512-suDmjLVQg78nMK2UZ454hAG+OAW+HQPZ6n++TNDUX+L0+uUlLywnoxJKDou51Zm+zTCjrCl0Nq6J9C5hP9vK/Q==",
      "engines": {
        "node": ">=0.10.0"
      }
    },
    "node_modules/postgres-interval": {
      "version": "1.2.0",
      "resolved": "https://registry.npmjs.org/postgres-interval/-/postgres-interval-1.2.0.tgz",
      "integrity": "sha512-9ZhXKM/rw350N1ovuWHbGxnGh/SNJ4cnxHiM0rxE4VN41wsg8P8zWn9hv/buK00RP4WvlOyr/RBDiptyxVbkZQ==",
      "dependencies": {
        "xtend": "^4.0.0"
      },
      "engines": {
        "node": ">=0.10.0"
      }
    },
    "node_modules/semver": {
      "version": "5.7.1",
      "resolved": "https://registry.npmjs.org/semver/-/semver-5.7.1.tgz",
      "integrity": "sha512-sauaDf/PZdVgrLTNYHRtpXa1iRiKcaebiKQ1BJdpQlWH2lCvexQdX55snPFyK7QzpudqbCI0qXFfOasHdyNDGQ==",
      "bin": {
        "semver": "bin/semver"
      }
    },
    "node_modules/shimmer": {
      "version": "1.2.1",
      "resolved": "https://registry.npmjs.org/shimmer/-/shimmer-1.2.1.tgz",
      "integrity": "sha512-sQTKC1Re/rM6XyFM6fIAGHRPVGvyXfgzIDvzoq608vM+jeyVD0Tu1E6Np0Kc2zAIFWIj963V2800iF/9LPieQw=="
    },
    "node_modules/snappy": {
      "version": "7.0.5",
      "resolved": "https://registry.npmjs.org/snappy/-/snappy-7.0.5.tgz",
      "integrity": "sha512-T2j48ZdQQd2MaP4X8GGtAnzyo3LnBt6Kj6kxmoOTxG59UwxwC2Az5pa338td7gSTT8H0J4fv8Jgi0edWAGkgeg==",
      "dependencies": {
        "@node-rs/helper": "^1.2.1"
      },
      "engines": {
        "node": ">= 10"
      },
      "funding": {
        "type": "github",
        "url": "https://github.com/sponsors/Brooooooklyn"
      },
      "optionalDependencies": {
        "@napi-rs/snappy-android-arm64": "7.0.5",
        "@napi-rs/snappy-darwin-arm64": "7.0.5",
        "@napi-rs/snappy-darwin-x64": "7.0.5",
        "@napi-rs/snappy-freebsd-x64": "7.0.5",
        "@napi-rs/snappy-linux-arm-gnueabihf": "7.0.5",
        "@napi-rs/snappy-linux-arm64-gnu": "7.0.5",
        "@napi-rs/snappy-linux-arm64-musl": "7.0.5",
        "@napi-rs/snappy-linux-x64-gnu": "7.0.5",
        "@napi-rs/snappy-linux-x64-musl": "7.0.5",
        "@napi-rs/snappy-win32-arm64-msvc": "7.0.5",
        "@napi-rs/snappy-win32-ia32-msvc": "7.0.5",
        "@napi-rs/snappy-win32-x64-msvc": "7.0.5"
      }
    },
    "node_modules/stack-chain": {
      "version": "1.3.7",
      "resolved": "https://registry.npmjs.org/stack-chain/-/stack-chain-1.3.7.tgz",
      "integrity": "sha1-0ZLJ/06moiyUxN1FkXHj8AzqEoU="
    },
    "node_modules/xtend": {
      "version": "4.0.2",
      "resolved": "https://registry.npmjs.org/xtend/-/xtend-4.0.2.tgz",
      "integrity": "sha512-LKYU1iAXJXUgAXn9URjiu+MWhyUXHsvfp7mcuYm9dSUKK0/CjtrUwFAxD82/mCWbtLsGjFIad0wIsod4zrTAEQ==",
      "engines": {
        "node": ">=0.4"
      }
    }
  },
  "dependencies": {
    "@aws-sdk/service-error-classification": {
      "version": "3.40.0",
      "resolved": "https://registry.npmjs.org/@aws-sdk/service-error-classification/-/service-error-classification-3.40.0.tgz",
      "integrity": "sha512-c8btKmkvjXczWudXubGdbO3JgmjySBUVC/gCrZDNfwNGsG8RYJJQYYcnmt1gWjelUZsgMDl/2PIzxTlxVF91rA=="
    },
    "@aws-sdk/types": {
      "version": "3.40.0",
      "resolved": "https://registry.npmjs.org/@aws-sdk/types/-/types-3.40.0.tgz",
      "integrity": "sha512-KpILcfvRaL88TLvo3SY4OuCCg90SvcNLPyjDwUuBqiOyWODjrKShHtAPJzej4CLp92lofh+ul0UnBfV9Jb/5PA=="
    },
    "@napi-rs/snappy-android-arm64": {
      "version": "7.0.5",
      "resolved": "https://registry.npmjs.org/@napi-rs/snappy-android-arm64/-/snappy-android-arm64-7.0.5.tgz",
      "integrity": "sha512-11/V8Wg8FwWLI5BF0kzMQ63GTaCuVRMlMbaIBjRyknHE5YILVK1BHvJjunAkPugg86x3MFs1zqrmrLIaH+07pg==",
      "optional": true
    },
    "@napi-rs/snappy-darwin-arm64": {
      "version": "7.0.5",
      "resolved": "https://registry.npmjs.org/@napi-rs/snappy-darwin-arm64/-/snappy-darwin-arm64-7.0.5.tgz",
      "integrity": "sha512-R4LJQAg/75FJU1+F3q2RZZT2i4TPtIVpTDReDsLyJGN6/K/SSCk/4gJSLZoxQ0hHMLQLacRQmMPuVqHbOfwSFw==",
      "optional": true
    },
    "@napi-rs/snappy-darwin-x64": {
      "version": "7.0.5",
      "resolved": "https://registry.npmjs.org/@napi-rs/snappy-darwin-x64/-/snappy-darwin-x64-7.0.5.tgz",
      "integrity": "sha512-aYiz/jtVxo+cpuu6p2/lzrvr2DlUd58auVDHQqIvYXnlmitXMTXqmURuCj6l4OfFxDA8YgzZ6Ftt6BSXdqKOYw==",
      "optional": true
    },
    "@napi-rs/snappy-freebsd-x64": {
      "version": "7.0.5",
      "resolved": "https://registry.npmjs.org/@napi-rs/snappy-freebsd-x64/-/snappy-freebsd-x64-7.0.5.tgz",
      "integrity": "sha512-q0hIT7UNVvClAp056ObmsuXj34KRNJcYJ7WRBER/kttCembNM+gJnJRIUcA6QxVZd/MOjpyHBGKdJLaU36ISoA==",
      "optional": true
    },
    "@napi-rs/snappy-linux-arm-gnueabihf": {
      "version": "7.0.5",
      "resolved": "https://registry.npmjs.org/@napi-rs/snappy-linux-arm-gnueabihf/-/snappy-linux-arm-gnueabihf-7.0.5.tgz",
      "integrity": "sha512-VBK+WyTLYqAVy1QqG1wLnbe6vjacmak1tOsTMlKMN71mZF0WmOdZ/OxTExdTz8WmQMgTpYwX4d9g+ElomaOOLg==",
      "optional": true
    },
    "@napi-rs/snappy-linux-arm64-gnu": {
      "version": "7.0.5",
      "resolved": "https://registry.npmjs.org/@napi-rs/snappy-linux-arm64-gnu/-/snappy-linux-arm64-gnu-7.0.5.tgz",
      "integrity": "sha512-+E7wwIuaVV85svBFTwN14Plw+lsTRgbWHfsrLzbMoRv3czj4MTOrISD0TajMALRCiDGWe6RSxLftysR4HYZEbA==",
      "optional": true
    },
    "@napi-rs/snappy-linux-arm64-musl": {
      "version": "7.0.5",
      "resolved": "https://registry.npmjs.org/@napi-rs/snappy-linux-arm64-musl/-/snappy-linux-arm64-musl-7.0.5.tgz",
      "integrity": "sha512-QeLjvagI+6ywEHNmRiP3Qz2j+RRupCWHA8cmmaEh1pHnlV/NxetAE1agRdWje7yO+iXQiUVbZ8SKibOZ4kRn3g==",
      "optional": true
    },
    "@napi-rs/snappy-linux-x64-gnu": {
      "version": "7.0.5",
      "resolved": "https://registry.npmjs.org/@napi-rs/snappy-linux-x64-gnu/-/snappy-linux-x64-gnu-7.0.5.tgz",
      "integrity": "sha512-G1Mq5JOfWG+oWOZScW8R0HtdZ/Hcq3Lm+qOYEbCqKGYV7mTdclvWY4vzOIl5lGWp3Dmo9/rn7pK/Kp4ormw0FA==",
      "optional": true
    },
    "@napi-rs/snappy-linux-x64-musl": {
      "version": "7.0.5",
      "resolved": "https://registry.npmjs.org/@napi-rs/snappy-linux-x64-musl/-/snappy-linux-x64-musl-7.0.5.tgz",
      "integrity": "sha512-THcusrpjr5MB2PXKdFKiD/ZA811Wn7eJksuQbVRUr/ZjbOOxpni/VLHq4uh42IWqofbszHDVUYZeLEgCbcNItg==",
      "optional": true
    },
    "@napi-rs/snappy-win32-arm64-msvc": {
      "version": "7.0.5",
      "resolved": "https://registry.npmjs.org/@napi-rs/snappy-win32-arm64-msvc/-/snappy-win32-arm64-msvc-7.0.5.tgz",
      "integrity": "sha512-5tm8t7E+GhqDf+6vsnsKdZb6twspab5SH1SzVzZtFRltB55FtwAcXSWi9+kS+Md+Jjl4Va4TfrhQ3B46yFgSfQ==",
      "optional": true
    },
    "@napi-rs/snappy-win32-ia32-msvc": {
      "version": "7.0.5",
      "resolved": "https://registry.npmjs.org/@napi-rs/snappy-win32-ia32-msvc/-/snappy-win32-ia32-msvc-7.0.5.tgz",
      "integrity": "sha512-s0H7fD1fDrKPoS81MNXSrs7lvrq71E7gi3OuWiIj23XNUxsMI5p0P8OaRuu95Bns8WLYw5ouSKUtwIgxZAD4+g==",
      "optional": true
    },
    "@napi-rs/snappy-win32-x64-msvc": {
      "version": "7.0.5",
      "resolved": "https://registry.npmjs.org/@napi-rs/snappy-win32-x64-msvc/-/snappy-win32-x64-msvc-7.0.5.tgz",
      "integrity": "sha512-rRjNz3OXu6093V4B0IGAd7ANKYGZ5HfG057xew1/NDZl3DTMcWF/Wd2OtMl16Lju2D17CVLxq3NkjTqKZ/XGvw==",
      "optional": true
    },
    "@napi-rs/triples": {
      "version": "1.0.3",
      "resolved": "https://registry.npmjs.org/@napi-rs/triples/-/triples-1.0.3.tgz",
      "integrity": "sha512-jDJTpta+P4p1NZTFVLHJ/TLFVYVcOqv6l8xwOeBKNPMgY/zDYH/YH7SJbvrr/h1RcS9GzbPcLKGzpuK9cV56UA=="
    },
    "@node-rs/helper": {
      "version": "1.2.1",
      "resolved": "https://registry.npmjs.org/@node-rs/helper/-/helper-1.2.1.tgz",
      "integrity": "sha512-R5wEmm8nbuQU0YGGmYVjEc0OHtYsuXdpRG+Ut/3wZ9XAvQWyThN08bTh2cBJgoZxHQUPtvRfeQuxcAgLuiBISg==",
      "requires": {
        "@napi-rs/triples": "^1.0.3"
      }
    },
    "@types/body-parser": {
      "version": "1.19.2",
      "resolved": "https://registry.npmjs.org/@types/body-parser/-/body-parser-1.19.2.tgz",
      "integrity": "sha512-ALYone6pm6QmwZoAgeyNksccT9Q4AWZQ6PvfwR37GT6r6FWUPguq6sUmNGSMV2Wr761oQoBxwGGa6DR5o1DC9g==",
      "requires": {
        "@types/connect": "*",
        "@types/node": "*"
      }
    },
    "@types/cls-hooked": {
      "version": "4.3.3",
      "resolved": "https://registry.npmjs.org/@types/cls-hooked/-/cls-hooked-4.3.3.tgz",
      "integrity": "sha512-gNstDTb/ty5h6gJd6YpSPgsLX9LmRpaKJqGFp7MRlYxhwp4vXXKlJ9+bt1TZ9KbVNXE+Mbxy2AYXcpY21DDtJw==",
      "requires": {
        "@types/node": "*"
      }
    },
    "@types/connect": {
      "version": "3.4.35",
      "resolved": "https://registry.npmjs.org/@types/connect/-/connect-3.4.35.tgz",
      "integrity": "sha512-cdeYyv4KWoEgpBISTxWvqYsVy444DOqehiF3fM3ne10AmJ62RSyNkUnxMJXHQWRQQX2eR94m5y1IZyDwBjV9FQ==",
      "requires": {
        "@types/node": "*"
      }
    },
    "@types/express": {
      "version": "4.17.13",
      "resolved": "https://registry.npmjs.org/@types/express/-/express-4.17.13.tgz",
      "integrity": "sha512-6bSZTPaTIACxn48l50SR+axgrqm6qXFIxrdAKaG6PaJk3+zuUr35hBlgT7vOmJcum+OEaIBLtHV/qloEAFITeA==",
      "requires": {
        "@types/body-parser": "*",
        "@types/express-serve-static-core": "^4.17.18",
        "@types/qs": "*",
        "@types/serve-static": "*"
      }
    },
    "@types/express-serve-static-core": {
      "version": "4.17.25",
      "resolved": "https://registry.npmjs.org/@types/express-serve-static-core/-/express-serve-static-core-4.17.25.tgz",
      "integrity": "sha512-OUJIVfRMFijZukGGwTpKNFprqCCXk5WjNGvUgB/CxxBR40QWSjsNK86+yvGKlCOGc7sbwfHLaXhkG+NsytwBaQ==",
      "requires": {
        "@types/node": "*",
        "@types/qs": "*",
        "@types/range-parser": "*"
      }
    },
    "@types/mime": {
      "version": "1.3.2",
      "resolved": "https://registry.npmjs.org/@types/mime/-/mime-1.3.2.tgz",
      "integrity": "sha512-YATxVxgRqNH6nHEIsvg6k2Boc1JHI9ZbH5iWFFv/MTkchz3b1ieGDa5T0a9RznNdI0KhVbdbWSN+KWWrQZRxTw=="
    },
    "@types/mysql": {
      "version": "2.15.19",
      "resolved": "https://registry.npmjs.org/@types/mysql/-/mysql-2.15.19.tgz",
      "integrity": "sha512-wSRg2QZv14CWcZXkgdvHbbV2ACufNy5EgI8mBBxnJIptchv7DBy/h53VMa2jDhyo0C9MO4iowE6z9vF8Ja1DkQ==",
      "requires": {
        "@types/node": "*"
      }
    },
    "@types/node": {
      "version": "16.11.10",
      "resolved": "https://registry.npmjs.org/@types/node/-/node-16.11.10.tgz",
      "integrity": "sha512-3aRnHa1KlOEEhJ6+CvyHKK5vE9BcLGjtUpwvqYLRvYNQKMfabu3BwfJaA/SLW8dxe28LsNDjtHwePTuzn3gmOA=="
    },
    "@types/pg": {
      "version": "8.6.1",
      "resolved": "https://registry.npmjs.org/@types/pg/-/pg-8.6.1.tgz",
      "integrity": "sha512-1Kc4oAGzAl7uqUStZCDvaLFqZrW9qWSjXOmBfdgyBP5La7Us6Mg4GBvRlSoaZMhQF/zSj1C8CtKMBkoiT8eL8w==",
      "requires": {
        "@types/node": "*",
        "pg-protocol": "*",
        "pg-types": "^2.2.0"
      }
    },
    "@types/qs": {
      "version": "6.9.7",
      "resolved": "https://registry.npmjs.org/@types/qs/-/qs-6.9.7.tgz",
      "integrity": "sha512-FGa1F62FT09qcrueBA6qYTrJPVDzah9a+493+o2PCXsesWHIn27G98TsSMs3WPNbZIEj4+VJf6saSFpvD+3Zsw=="
    },
    "@types/range-parser": {
      "version": "1.2.4",
      "resolved": "https://registry.npmjs.org/@types/range-parser/-/range-parser-1.2.4.tgz",
      "integrity": "sha512-EEhsLsD6UsDM1yFhAvy0Cjr6VwmpMWqFBCb9w07wVugF7w9nfajxLuVmngTIpgS6svCnm6Vaw+MZhoDCKnOfsw=="
    },
    "@types/serve-static": {
      "version": "1.13.10",
      "resolved": "https://registry.npmjs.org/@types/serve-static/-/serve-static-1.13.10.tgz",
      "integrity": "sha512-nCkHGI4w7ZgAdNkrEu0bv+4xNV/XDqW+DydknebMOQwkpDGx8G+HTlj7R7ABI8i8nKxVw0wtKPi1D+lPOkh4YQ==",
      "requires": {
        "@types/mime": "^1",
        "@types/node": "*"
      }
    },
    "async-hook-jl": {
      "version": "1.7.6",
      "resolved": "https://registry.npmjs.org/async-hook-jl/-/async-hook-jl-1.7.6.tgz",
      "integrity": "sha512-gFaHkFfSxTjvoxDMYqDuGHlcRyUuamF8s+ZTtJdDzqjws4mCt7v0vuV79/E2Wr2/riMQgtG4/yUtXWs1gZ7JMg==",
      "requires": {
        "stack-chain": "^1.3.7"
      }
    },
    "atomic-batcher": {
      "version": "1.0.2",
      "resolved": "https://registry.npmjs.org/atomic-batcher/-/atomic-batcher-1.0.2.tgz",
      "integrity": "sha1-0WkB0QzOxZUWwZe5zNiTBom4E7Q="
    },
    "aws-xray-sdk": {
      "version": "3.3.4",
      "resolved": "https://registry.npmjs.org/aws-xray-sdk/-/aws-xray-sdk-3.3.4.tgz",
      "integrity": "sha512-687fHnqLiHkzqvwot4mFnhKUiBSOimOoLEoZ/NCRBwrLN1lhtd6TD5QEr7o7GmMfOcwfcuEJGqZE1X3cLkDovA==",
      "requires": {
        "aws-xray-sdk-core": "3.3.4",
        "aws-xray-sdk-express": "3.3.4",
        "aws-xray-sdk-mysql": "3.3.4",
        "aws-xray-sdk-postgres": "3.3.4"
      }
    },
    "aws-xray-sdk-core": {
      "version": "3.3.4",
      "resolved": "https://registry.npmjs.org/aws-xray-sdk-core/-/aws-xray-sdk-core-3.3.4.tgz",
      "integrity": "sha512-GGnYAQgtclLHIBReOtsUgbDDCar0LR2TaHCWlQhPrEVVayrSAZQ4y+SlXN5YIadxMec4/f5dbF69wMbug9D5Ww==",
      "requires": {
        "@aws-sdk/service-error-classification": "^3.4.1",
        "@aws-sdk/types": "^3.4.1",
        "@types/cls-hooked": "^4.3.3",
        "atomic-batcher": "^1.0.2",
        "cls-hooked": "^4.2.2",
        "semver": "^5.3.0"
      }
    },
    "aws-xray-sdk-express": {
      "version": "3.3.4",
      "resolved": "https://registry.npmjs.org/aws-xray-sdk-express/-/aws-xray-sdk-express-3.3.4.tgz",
      "integrity": "sha512-KHglcAVBW4AygcBui9MSP0XS9+LC9vIpNWcfbDvVwJOB7BjQo3Uvkl+RlvDj/R4jrN/hWXfK40xp6R9GH5B1gQ==",
      "requires": {
        "@types/express": "*"
      }
    },
    "aws-xray-sdk-mysql": {
      "version": "3.3.4",
      "resolved": "https://registry.npmjs.org/aws-xray-sdk-mysql/-/aws-xray-sdk-mysql-3.3.4.tgz",
      "integrity": "sha512-RLrXLHecQdtun+Oe006f4Dg9/gyg6f8xcP6iBJMfwKI/06QCMUR6hErLPwOLsgpic4rm6AVEsTd5XQg/xdkwsQ==",
      "requires": {
        "@types/mysql": "*"
      }
    },
    "aws-xray-sdk-postgres": {
      "version": "3.3.4",
      "resolved": "https://registry.npmjs.org/aws-xray-sdk-postgres/-/aws-xray-sdk-postgres-3.3.4.tgz",
      "integrity": "sha512-A4TDWHQEU1hZdChP0BrXx2oiDaatULgMTaKNpZLtpuGmnkQ2oVx11hsCbjVgZsQxJvL2x8weFIGJyhKoQQ84vw==",
      "requires": {
        "@types/pg": "*"
      }
    },
    "cls-hooked": {
      "version": "4.2.2",
      "resolved": "https://registry.npmjs.org/cls-hooked/-/cls-hooked-4.2.2.tgz",
      "integrity": "sha512-J4Xj5f5wq/4jAvcdgoGsL3G103BtWpZrMo8NEinRltN+xpTZdI+M38pyQqhuFU/P792xkMFvnKSf+Lm81U1bxw==",
      "requires": {
        "async-hook-jl": "^1.7.6",
        "emitter-listener": "^1.0.1",
        "semver": "^5.4.1"
      }
    },
    "emitter-listener": {
      "version": "1.1.2",
      "resolved": "https://registry.npmjs.org/emitter-listener/-/emitter-listener-1.1.2.tgz",
      "integrity": "sha512-Bt1sBAGFHY9DKY+4/2cV6izcKJUf5T7/gkdmkxzX/qv9CcGH8xSwVRW5mtX03SWJtRTWSOpzCuWN9rBFYZepZQ==",
      "requires": {
        "shimmer": "^1.2.0"
      }
    },
    "pg-int8": {
      "version": "1.0.1",
      "resolved": "https://registry.npmjs.org/pg-int8/-/pg-int8-1.0.1.tgz",
      "integrity": "sha512-WCtabS6t3c8SkpDBUlb1kjOs7l66xsGdKpIPZsg4wR+B3+u9UAum2odSsF9tnvxg80h4ZxLWMy4pRjOsFIqQpw=="
    },
    "pg-protocol": {
      "version": "1.5.0",
      "resolved": "https://registry.npmjs.org/pg-protocol/-/pg-protocol-1.5.0.tgz",
      "integrity": "sha512-muRttij7H8TqRNu/DxrAJQITO4Ac7RmX3Klyr/9mJEOBeIpgnF8f9jAfRz5d3XwQZl5qBjF9gLsUtMPJE0vezQ=="
    },
    "pg-types": {
      "version": "2.2.0",
      "resolved": "https://registry.npmjs.org/pg-types/-/pg-types-2.2.0.tgz",
      "integrity": "sha512-qTAAlrEsl8s4OiEQY69wDvcMIdQN6wdz5ojQiOy6YRMuynxenON0O5oCpJI6lshc6scgAY8qvJ2On/p+CXY0GA==",
      "requires": {
        "pg-int8": "1.0.1",
        "postgres-array": "~2.0.0",
        "postgres-bytea": "~1.0.0",
        "postgres-date": "~1.0.4",
        "postgres-interval": "^1.1.0"
      }
    },
    "postgres-array": {
      "version": "2.0.0",
      "resolved": "https://registry.npmjs.org/postgres-array/-/postgres-array-2.0.0.tgz",
      "integrity": "sha512-VpZrUqU5A69eQyW2c5CA1jtLecCsN2U/bD6VilrFDWq5+5UIEVO7nazS3TEcHf1zuPYO/sqGvUvW62g86RXZuA=="
    },
    "postgres-bytea": {
      "version": "1.0.0",
      "resolved": "https://registry.npmjs.org/postgres-bytea/-/postgres-bytea-1.0.0.tgz",
      "integrity": "sha1-AntTPAqokOJtFy1Hz5zOzFIazTU="
    },
    "postgres-date": {
      "version": "1.0.7",
      "resolved": "https://registry.npmjs.org/postgres-date/-/postgres-date-1.0.7.tgz",
      "integrity": "sha512-suDmjLVQg78nMK2UZ454hAG+OAW+HQPZ6n++TNDUX+L0+uUlLywnoxJKDou51Zm+zTCjrCl0Nq6J9C5hP9vK/Q=="
    },
    "postgres-interval": {
      "version": "1.2.0",
      "resolved": "https://registry.npmjs.org/postgres-interval/-/postgres-interval-1.2.0.tgz",
      "integrity": "sha512-9ZhXKM/rw350N1ovuWHbGxnGh/SNJ4cnxHiM0rxE4VN41wsg8P8zWn9hv/buK00RP4WvlOyr/RBDiptyxVbkZQ==",
      "requires": {
        "xtend": "^4.0.0"
      }
    },
    "semver": {
      "version": "5.7.1",
      "resolved": "https://registry.npmjs.org/semver/-/semver-5.7.1.tgz",
      "integrity": "sha512-sauaDf/PZdVgrLTNYHRtpXa1iRiKcaebiKQ1BJdpQlWH2lCvexQdX55snPFyK7QzpudqbCI0qXFfOasHdyNDGQ=="
    },
    "shimmer": {
      "version": "1.2.1",
      "resolved": "https://registry.npmjs.org/shimmer/-/shimmer-1.2.1.tgz",
      "integrity": "sha512-sQTKC1Re/rM6XyFM6fIAGHRPVGvyXfgzIDvzoq608vM+jeyVD0Tu1E6Np0Kc2zAIFWIj963V2800iF/9LPieQw=="
    },
    "snappy": {
      "version": "7.0.5",
      "resolved": "https://registry.npmjs.org/snappy/-/snappy-7.0.5.tgz",
      "integrity": "sha512-T2j48ZdQQd2MaP4X8GGtAnzyo3LnBt6Kj6kxmoOTxG59UwxwC2Az5pa338td7gSTT8H0J4fv8Jgi0edWAGkgeg==",
      "requires": {
        "@napi-rs/snappy-android-arm64": "7.0.5",
        "@napi-rs/snappy-darwin-arm64": "7.0.5",
        "@napi-rs/snappy-darwin-x64": "7.0.5",
        "@napi-rs/snappy-freebsd-x64": "7.0.5",
        "@napi-rs/snappy-linux-arm-gnueabihf": "7.0.5",
        "@napi-rs/snappy-linux-arm64-gnu": "7.0.5",
        "@napi-rs/snappy-linux-arm64-musl": "7.0.5",
        "@napi-rs/snappy-linux-x64-gnu": "7.0.5",
        "@napi-rs/snappy-linux-x64-musl": "7.0.5",
        "@napi-rs/snappy-win32-arm64-msvc": "7.0.5",
        "@napi-rs/snappy-win32-ia32-msvc": "7.0.5",
        "@napi-rs/snappy-win32-x64-msvc": "7.0.5",
        "@node-rs/helper": "^1.2.1"
      }
    },
    "stack-chain": {
      "version": "1.3.7",
      "resolved": "https://registry.npmjs.org/stack-chain/-/stack-chain-1.3.7.tgz",
      "integrity": "sha1-0ZLJ/06moiyUxN1FkXHj8AzqEoU="
    },
    "xtend": {
      "version": "4.0.2",
      "resolved": "https://registry.npmjs.org/xtend/-/xtend-4.0.2.tgz",
      "integrity": "sha512-LKYU1iAXJXUgAXn9URjiu+MWhyUXHsvfp7mcuYm9dSUKK0/CjtrUwFAxD82/mCWbtLsGjFIad0wIsod4zrTAEQ=="
    }
  }
}
